// !$*UTF8*$!
{
	archiveVersion = 1;
	classes = {
	};
	objectVersion = 77;
	objects = {

/* Begin PBXContainerItemProxy section */
		DA26EA942D4F40C000B353E6 /* PBXContainerItemProxy */ = {
			isa = PBXContainerItemProxy;
			containerPortal = DA26EA7B2D4F40BF00B353E6 /* Project object */;
			proxyType = 1;
			remoteGlobalIDString = DA26EA822D4F40BF00B353E6;
			remoteInfo = Helix;
		};
		DA26EA9E2D4F40C000B353E6 /* PBXContainerItemProxy */ = {
			isa = PBXContainerItemProxy;
			containerPortal = DA26EA7B2D4F40BF00B353E6 /* Project object */;
			proxyType = 1;
			remoteGlobalIDString = DA26EA822D4F40BF00B353E6;
			remoteInfo = Helix;
		};
/* End PBXContainerItemProxy section */

/* Begin PBXFileReference section */
		DA26EA832D4F40BF00B353E6 /* Helix.app */ = {isa = PBXFileReference; explicitFileType = wrapper.application; includeInIndex = 0; path = Helix.app; sourceTree = BUILT_PRODUCTS_DIR; };
		DA26EA932D4F40C000B353E6 /* HelixTests.xctest */ = {isa = PBXFileReference; explicitFileType = wrapper.cfbundle; includeInIndex = 0; path = HelixTests.xctest; sourceTree = BUILT_PRODUCTS_DIR; };
		DA26EA9D2D4F40C000B353E6 /* HelixUITests.xctest */ = {isa = PBXFileReference; explicitFileType = wrapper.cfbundle; includeInIndex = 0; path = HelixUITests.xctest; sourceTree = BUILT_PRODUCTS_DIR; };
/* End PBXFileReference section */

/* Begin PBXFileSystemSynchronizedRootGroup section */
		DA26EA852D4F40BF00B353E6 /* Helix */ = {
			isa = PBXFileSystemSynchronizedRootGroup;
			path = Helix;
			sourceTree = "<group>";
		};
		DA26EA962D4F40C000B353E6 /* HelixTests */ = {
			isa = PBXFileSystemSynchronizedRootGroup;
			path = HelixTests;
			sourceTree = "<group>";
		};
		DA26EAA02D4F40C000B353E6 /* HelixUITests */ = {
			isa = PBXFileSystemSynchronizedRootGroup;
			path = HelixUITests;
			sourceTree = "<group>";
		};
/* End PBXFileSystemSynchronizedRootGroup section */

/* Begin PBXFrameworksBuildPhase section */
		DA26EA802D4F40BF00B353E6 /* Frameworks */ = {
			isa = PBXFrameworksBuildPhase;
			buildActionMask = 2147483647;
			files = (
			);
			runOnlyForDeploymentPostprocessing = 0;
		};
		DA26EA902D4F40C000B353E6 /* Frameworks */ = {
			isa = PBXFrameworksBuildPhase;
			buildActionMask = 2147483647;
			files = (
			);
			runOnlyForDeploymentPostprocessing = 0;
		};
		DA26EA9A2D4F40C000B353E6 /* Frameworks */ = {
			isa = PBXFrameworksBuildPhase;
			buildActionMask = 2147483647;
			files = (
			);
			runOnlyForDeploymentPostprocessing = 0;
		};
/* End PBXFrameworksBuildPhase section */

/* Begin PBXGroup section */
		DA26EA7A2D4F40BF00B353E6 = {
			isa = PBXGroup;
			children = (
				DA26EA852D4F40BF00B353E6 /* Helix */,
				DA26EA962D4F40C000B353E6 /* HelixTests */,
				DA26EAA02D4F40C000B353E6 /* HelixUITests */,
				DA26EA842D4F40BF00B353E6 /* Products */,
			);
			sourceTree = "<group>";
		};
		DA26EA842D4F40BF00B353E6 /* Products */ = {
			isa = PBXGroup;
			children = (
				DA26EA832D4F40BF00B353E6 /* Helix.app */,
				DA26EA932D4F40C000B353E6 /* HelixTests.xctest */,
				DA26EA9D2D4F40C000B353E6 /* HelixUITests.xctest */,
			);
			name = Products;
			sourceTree = "<group>";
		};
/* End PBXGroup section */

/* Begin PBXNativeTarget section */
		DA26EA822D4F40BF00B353E6 /* Helix */ = {
			isa = PBXNativeTarget;
			buildConfigurationList = DA26EAA72D4F40C000B353E6 /* Build configuration list for PBXNativeTarget "Helix" */;
			buildPhases = (
				DA26EA7F2D4F40BF00B353E6 /* Sources */,
				DA26EA802D4F40BF00B353E6 /* Frameworks */,
				DA26EA812D4F40BF00B353E6 /* Resources */,
			);
			buildRules = (
			);
			dependencies = (
			);
			fileSystemSynchronizedGroups = (
				DA26EA852D4F40BF00B353E6 /* Helix */,
			);
			name = Helix;
			packageProductDependencies = (
			);
			productName = Helix;
			productReference = DA26EA832D4F40BF00B353E6 /* Helix.app */;
			productType = "com.apple.product-type.application";
		};
		DA26EA922D4F40C000B353E6 /* HelixTests */ = {
			isa = PBXNativeTarget;
			buildConfigurationList = DA26EAAA2D4F40C000B353E6 /* Build configuration list for PBXNativeTarget "HelixTests" */;
			buildPhases = (
				DA26EA8F2D4F40C000B353E6 /* Sources */,
				DA26EA902D4F40C000B353E6 /* Frameworks */,
				DA26EA912D4F40C000B353E6 /* Resources */,
			);
			buildRules = (
			);
			dependencies = (
				DA26EA952D4F40C000B353E6 /* PBXTargetDependency */,
			);
			fileSystemSynchronizedGroups = (
				DA26EA962D4F40C000B353E6 /* HelixTests */,
			);
			name = HelixTests;
			packageProductDependencies = (
			);
			productName = HelixTests;
			productReference = DA26EA932D4F40C000B353E6 /* HelixTests.xctest */;
			productType = "com.apple.product-type.bundle.unit-test";
		};
		DA26EA9C2D4F40C000B353E6 /* HelixUITests */ = {
			isa = PBXNativeTarget;
			buildConfigurationList = DA26EAAD2D4F40C000B353E6 /* Build configuration list for PBXNativeTarget "HelixUITests" */;
			buildPhases = (
				DA26EA992D4F40C000B353E6 /* Sources */,
				DA26EA9A2D4F40C000B353E6 /* Frameworks */,
				DA26EA9B2D4F40C000B353E6 /* Resources */,
			);
			buildRules = (
			);
			dependencies = (
				DA26EA9F2D4F40C000B353E6 /* PBXTargetDependency */,
			);
			fileSystemSynchronizedGroups = (
				DA26EAA02D4F40C000B353E6 /* HelixUITests */,
			);
			name = HelixUITests;
			packageProductDependencies = (
			);
			productName = HelixUITests;
			productReference = DA26EA9D2D4F40C000B353E6 /* HelixUITests.xctest */;
			productType = "com.apple.product-type.bundle.ui-testing";
		};
/* End PBXNativeTarget section */

/* Begin PBXProject section */
		DA26EA7B2D4F40BF00B353E6 /* Project object */ = {
			isa = PBXProject;
			attributes = {
				BuildIndependentTargetsInParallel = 1;
				LastSwiftUpdateCheck = 1620;
				LastUpgradeCheck = 1620;
				TargetAttributes = {
					DA26EA822D4F40BF00B353E6 = {
						CreatedOnToolsVersion = 16.2;
					};
					DA26EA922D4F40C000B353E6 = {
						CreatedOnToolsVersion = 16.2;
						TestTargetID = DA26EA822D4F40BF00B353E6;
					};
					DA26EA9C2D4F40C000B353E6 = {
						CreatedOnToolsVersion = 16.2;
						TestTargetID = DA26EA822D4F40BF00B353E6;
					};
				};
			};
			buildConfigurationList = DA26EA7E2D4F40BF00B353E6 /* Build configuration list for PBXProject "Helix" */;
			developmentRegion = en;
			hasScannedForEncodings = 0;
			knownRegions = (
				en,
				Base,
			);
			mainGroup = DA26EA7A2D4F40BF00B353E6;
			minimizedProjectReferenceProxies = 1;
			preferredProjectObjectVersion = 77;
			productRefGroup = DA26EA842D4F40BF00B353E6 /* Products */;
			projectDirPath = "";
			projectRoot = "";
			targets = (
				DA26EA822D4F40BF00B353E6 /* Helix */,
				DA26EA922D4F40C000B353E6 /* HelixTests */,
				DA26EA9C2D4F40C000B353E6 /* HelixUITests */,
			);
		};
/* End PBXProject section */

/* Begin PBXResourcesBuildPhase section */
		DA26EA812D4F40BF00B353E6 /* Resources */ = {
			isa = PBXResourcesBuildPhase;
			buildActionMask = 2147483647;
			files = (
			);
			runOnlyForDeploymentPostprocessing = 0;
		};
		DA26EA912D4F40C000B353E6 /* Resources */ = {
			isa = PBXResourcesBuildPhase;
			buildActionMask = 2147483647;
			files = (
			);
			runOnlyForDeploymentPostprocessing = 0;
		};
		DA26EA9B2D4F40C000B353E6 /* Resources */ = {
			isa = PBXResourcesBuildPhase;
			buildActionMask = 2147483647;
			files = (
			);
			runOnlyForDeploymentPostprocessing = 0;
		};
/* End PBXResourcesBuildPhase section */

/* Begin PBXSourcesBuildPhase section */
		DA26EA7F2D4F40BF00B353E6 /* Sources */ = {
			isa = PBXSourcesBuildPhase;
			buildActionMask = 2147483647;
			files = (
			);
			runOnlyForDeploymentPostprocessing = 0;
		};
		DA26EA8F2D4F40C000B353E6 /* Sources */ = {
			isa = PBXSourcesBuildPhase;
			buildActionMask = 2147483647;
			files = (
			);
			runOnlyForDeploymentPostprocessing = 0;
		};
		DA26EA992D4F40C000B353E6 /* Sources */ = {
			isa = PBXSourcesBuildPhase;
			buildActionMask = 2147483647;
			files = (
			);
			runOnlyForDeploymentPostprocessing = 0;
		};
/* End PBXSourcesBuildPhase section */

/* Begin PBXTargetDependency section */
		DA26EA952D4F40C000B353E6 /* PBXTargetDependency */ = {
			isa = PBXTargetDependency;
			target = DA26EA822D4F40BF00B353E6 /* Helix */;
			targetProxy = DA26EA942D4F40C000B353E6 /* PBXContainerItemProxy */;
		};
		DA26EA9F2D4F40C000B353E6 /* PBXTargetDependency */ = {
			isa = PBXTargetDependency;
			target = DA26EA822D4F40BF00B353E6 /* Helix */;
			targetProxy = DA26EA9E2D4F40C000B353E6 /* PBXContainerItemProxy */;
		};
/* End PBXTargetDependency section */

/* Begin XCBuildConfiguration section */
		DA26EAA52D4F40C000B353E6 /* Debug */ = {
			isa = XCBuildConfiguration;
			buildSettings = {
				ALWAYS_SEARCH_USER_PATHS = NO;
				ASSETCATALOG_COMPILER_GENERATE_SWIFT_ASSET_SYMBOL_EXTENSIONS = YES;
				CLANG_ANALYZER_NONNULL = YES;
				CLANG_ANALYZER_NUMBER_OBJECT_CONVERSION = YES_AGGRESSIVE;
				CLANG_CXX_LANGUAGE_STANDARD = "gnu++20";
				CLANG_ENABLE_MODULES = YES;
				CLANG_ENABLE_OBJC_ARC = YES;
				CLANG_ENABLE_OBJC_WEAK = YES;
				CLANG_WARN_BLOCK_CAPTURE_AUTORELEASING = YES;
				CLANG_WARN_BOOL_CONVERSION = YES;
				CLANG_WARN_COMMA = YES;
				CLANG_WARN_CONSTANT_CONVERSION = YES;
				CLANG_WARN_DEPRECATED_OBJC_IMPLEMENTATIONS = YES;
				CLANG_WARN_DIRECT_OBJC_ISA_USAGE = YES_ERROR;
				CLANG_WARN_DOCUMENTATION_COMMENTS = YES;
				CLANG_WARN_EMPTY_BODY = YES;
				CLANG_WARN_ENUM_CONVERSION = YES;
				CLANG_WARN_INFINITE_RECURSION = YES;
				CLANG_WARN_INT_CONVERSION = YES;
				CLANG_WARN_NON_LITERAL_NULL_CONVERSION = YES;
				CLANG_WARN_OBJC_IMPLICIT_RETAIN_SELF = YES;
				CLANG_WARN_OBJC_LITERAL_CONVERSION = YES;
				CLANG_WARN_OBJC_ROOT_CLASS = YES_ERROR;
				CLANG_WARN_QUOTED_INCLUDE_IN_FRAMEWORK_HEADER = YES;
				CLANG_WARN_RANGE_LOOP_ANALYSIS = YES;
				CLANG_WARN_STRICT_PROTOTYPES = YES;
				CLANG_WARN_SUSPICIOUS_MOVE = YES;
				CLANG_WARN_UNGUARDED_AVAILABILITY = YES_AGGRESSIVE;
				CLANG_WARN_UNREACHABLE_CODE = YES;
				CLANG_WARN__DUPLICATE_METHOD_MATCH = YES;
				COPY_PHASE_STRIP = NO;
				DEBUG_INFORMATION_FORMAT = dwarf;
				ENABLE_STRICT_OBJC_MSGSEND = YES;
				ENABLE_TESTABILITY = YES;
				ENABLE_USER_SCRIPT_SANDBOXING = YES;
				GCC_C_LANGUAGE_STANDARD = gnu17;
				GCC_DYNAMIC_NO_PIC = NO;
				GCC_NO_COMMON_BLOCKS = YES;
				GCC_OPTIMIZATION_LEVEL = 0;
				GCC_PREPROCESSOR_DEFINITIONS = (
					"DEBUG=1",
					"$(inherited)",
				);
				GCC_WARN_64_TO_32_BIT_CONVERSION = YES;
				GCC_WARN_ABOUT_RETURN_TYPE = YES_ERROR;
				GCC_WARN_UNDECLARED_SELECTOR = YES;
				GCC_WARN_UNINITIALIZED_AUTOS = YES_AGGRESSIVE;
				GCC_WARN_UNUSED_FUNCTION = YES;
				GCC_WARN_UNUSED_VARIABLE = YES;
				IPHONEOS_DEPLOYMENT_TARGET = 18.2;
				LOCALIZATION_PREFERS_STRING_CATALOGS = YES;
				MTL_ENABLE_DEBUG_INFO = INCLUDE_SOURCE;
				MTL_FAST_MATH = YES;
				ONLY_ACTIVE_ARCH = YES;
				SDKROOT = iphoneos;
				SWIFT_ACTIVE_COMPILATION_CONDITIONS = "DEBUG $(inherited)";
				SWIFT_OPTIMIZATION_LEVEL = "-Onone";
			};
			name = Debug;
		};
		DA26EAA62D4F40C000B353E6 /* Release */ = {
			isa = XCBuildConfiguration;
			buildSettings = {
				ALWAYS_SEARCH_USER_PATHS = NO;
				ASSETCATALOG_COMPILER_GENERATE_SWIFT_ASSET_SYMBOL_EXTENSIONS = YES;
				CLANG_ANALYZER_NONNULL = YES;
				CLANG_ANALYZER_NUMBER_OBJECT_CONVERSION = YES_AGGRESSIVE;
				CLANG_CXX_LANGUAGE_STANDARD = "gnu++20";
				CLANG_ENABLE_MODULES = YES;
				CLANG_ENABLE_OBJC_ARC = YES;
				CLANG_ENABLE_OBJC_WEAK = YES;
				CLANG_WARN_BLOCK_CAPTURE_AUTORELEASING = YES;
				CLANG_WARN_BOOL_CONVERSION = YES;
				CLANG_WARN_COMMA = YES;
				CLANG_WARN_CONSTANT_CONVERSION = YES;
				CLANG_WARN_DEPRECATED_OBJC_IMPLEMENTATIONS = YES;
				CLANG_WARN_DIRECT_OBJC_ISA_USAGE = YES_ERROR;
				CLANG_WARN_DOCUMENTATION_COMMENTS = YES;
				CLANG_WARN_EMPTY_BODY = YES;
				CLANG_WARN_ENUM_CONVERSION = YES;
				CLANG_WARN_INFINITE_RECURSION = YES;
				CLANG_WARN_INT_CONVERSION = YES;
				CLANG_WARN_NON_LITERAL_NULL_CONVERSION = YES;
				CLANG_WARN_OBJC_IMPLICIT_RETAIN_SELF = YES;
				CLANG_WARN_OBJC_LITERAL_CONVERSION = YES;
				CLANG_WARN_OBJC_ROOT_CLASS = YES_ERROR;
				CLANG_WARN_QUOTED_INCLUDE_IN_FRAMEWORK_HEADER = YES;
				CLANG_WARN_RANGE_LOOP_ANALYSIS = YES;
				CLANG_WARN_STRICT_PROTOTYPES = YES;
				CLANG_WARN_SUSPICIOUS_MOVE = YES;
				CLANG_WARN_UNGUARDED_AVAILABILITY = YES_AGGRESSIVE;
				CLANG_WARN_UNREACHABLE_CODE = YES;
				CLANG_WARN__DUPLICATE_METHOD_MATCH = YES;
				COPY_PHASE_STRIP = NO;
				DEBUG_INFORMATION_FORMAT = "dwarf-with-dsym";
				ENABLE_NS_ASSERTIONS = NO;
				ENABLE_STRICT_OBJC_MSGSEND = YES;
				ENABLE_USER_SCRIPT_SANDBOXING = YES;
				GCC_C_LANGUAGE_STANDARD = gnu17;
				GCC_NO_COMMON_BLOCKS = YES;
				GCC_WARN_64_TO_32_BIT_CONVERSION = YES;
				GCC_WARN_ABOUT_RETURN_TYPE = YES_ERROR;
				GCC_WARN_UNDECLARED_SELECTOR = YES;
				GCC_WARN_UNINITIALIZED_AUTOS = YES_AGGRESSIVE;
				GCC_WARN_UNUSED_FUNCTION = YES;
				GCC_WARN_UNUSED_VARIABLE = YES;
				IPHONEOS_DEPLOYMENT_TARGET = 18.2;
				LOCALIZATION_PREFERS_STRING_CATALOGS = YES;
				MTL_ENABLE_DEBUG_INFO = NO;
				MTL_FAST_MATH = YES;
				SDKROOT = iphoneos;
				SWIFT_COMPILATION_MODE = wholemodule;
				VALIDATE_PRODUCT = YES;
			};
			name = Release;
		};
		DA26EAA82D4F40C000B353E6 /* Debug */ = {
			isa = XCBuildConfiguration;
			buildSettings = {
				ASSETCATALOG_COMPILER_APPICON_NAME = AppIcon;
				ASSETCATALOG_COMPILER_GLOBAL_ACCENT_COLOR_NAME = AccentColor;
				CODE_SIGN_STYLE = Automatic;
				CURRENT_PROJECT_VERSION = 1;
				DEVELOPMENT_ASSET_PATHS = "\"Helix/Preview Content\"";
				DEVELOPMENT_TEAM = 4SA9UFLZMT;
				ENABLE_PREVIEWS = YES;
				GENERATE_INFOPLIST_FILE = YES;
				INFOPLIST_KEY_NSBluetoothAlwaysUsageDescription = "Helix uses Bluetooth to connect to Even Realities smart glasses for displaying real-time conversation insights, transcriptions, and AI analysis directly on your HUD.";
				INFOPLIST_KEY_NSBluetoothPeripheralUsageDescription = "Helix connects to Even Realities smart glasses via Bluetooth to display conversation analysis, transcriptions, and AI insights on your HUD in real-time.";
				INFOPLIST_KEY_NSMicrophoneUsageDescription = "Helix needs access to your microphone to capture audio for speech recognition, voice activity detection, and real-time conversation transcription. Audio is processed locally and used for AI analysis and smart glasses display.";
				INFOPLIST_KEY_NSSpeechRecognitionUsageDescription = "Helix uses speech recognition to convert your spoken words into text for real-time conversation analysis and transcription. This enables AI-powered insights and fact-checking displayed on your smart glasses.";
				INFOPLIST_KEY_UIApplicationSceneManifest_Generation = YES;
				INFOPLIST_KEY_UIApplicationSupportsIndirectInputEvents = YES;
				INFOPLIST_KEY_UILaunchScreen_Generation = YES;
				INFOPLIST_KEY_UISupportedInterfaceOrientations_iPad = "UIInterfaceOrientationPortrait UIInterfaceOrientationPortraitUpsideDown UIInterfaceOrientationLandscapeLeft UIInterfaceOrientationLandscapeRight";
				INFOPLIST_KEY_UISupportedInterfaceOrientations_iPhone = "UIInterfaceOrientationPortrait UIInterfaceOrientationLandscapeLeft UIInterfaceOrientationLandscapeRight";
				LD_RUNPATH_SEARCH_PATHS = (
					"$(inherited)",
					"@executable_path/Frameworks",
				);
				MARKETING_VERSION = 1.0;
				PRODUCT_BUNDLE_IDENTIFIER = ArtJiang.Helix;
				PRODUCT_NAME = "$(TARGET_NAME)";
				SWIFT_EMIT_LOC_STRINGS = YES;
				SWIFT_VERSION = 5.0;
				TARGETED_DEVICE_FAMILY = "1,2";
			};
			name = Debug;
		};
		DA26EAA92D4F40C000B353E6 /* Release */ = {
			isa = XCBuildConfiguration;
			buildSettings = {
				ASSETCATALOG_COMPILER_APPICON_NAME = AppIcon;
				ASSETCATALOG_COMPILER_GLOBAL_ACCENT_COLOR_NAME = AccentColor;
				CODE_SIGN_STYLE = Automatic;
				CURRENT_PROJECT_VERSION = 1;
				DEVELOPMENT_ASSET_PATHS = "\"Helix/Preview Content\"";
				DEVELOPMENT_TEAM = 4SA9UFLZMT;
				ENABLE_PREVIEWS = YES;
				GENERATE_INFOPLIST_FILE = YES;
				INFOPLIST_KEY_NSBluetoothAlwaysUsageDescription = "Helix uses Bluetooth to connect to Even Realities smart glasses for displaying real-time conversation insights, transcriptions, and AI analysis directly on your HUD.";
				INFOPLIST_KEY_NSBluetoothPeripheralUsageDescription = "Helix connects to Even Realities smart glasses via Bluetooth to display conversation analysis, transcriptions, and AI insights on your HUD in real-time.";
				INFOPLIST_KEY_NSMicrophoneUsageDescription = "Helix needs access to your microphone to capture audio for speech recognition, voice activity detection, and real-time conversation transcription. Audio is processed locally and used for AI analysis and smart glasses display.";
				INFOPLIST_KEY_NSSpeechRecognitionUsageDescription = "Helix uses speech recognition to convert your spoken words into text for real-time conversation analysis and transcription. This enables AI-powered insights and fact-checking displayed on your smart glasses.";
				INFOPLIST_KEY_UIApplicationSceneManifest_Generation = YES;
				INFOPLIST_KEY_UIApplicationSupportsIndirectInputEvents = YES;
				INFOPLIST_KEY_UILaunchScreen_Generation = YES;
				INFOPLIST_KEY_UISupportedInterfaceOrientations_iPad = "UIInterfaceOrientationPortrait UIInterfaceOrientationPortraitUpsideDown UIInterfaceOrientationLandscapeLeft UIInterfaceOrientationLandscapeRight";
				INFOPLIST_KEY_UISupportedInterfaceOrientations_iPhone = "UIInterfaceOrientationPortrait UIInterfaceOrientationLandscapeLeft UIInterfaceOrientationLandscapeRight";
				LD_RUNPATH_SEARCH_PATHS = (
					"$(inherited)",
					"@executable_path/Frameworks",
				);
				MARKETING_VERSION = 1.0;
				PRODUCT_BUNDLE_IDENTIFIER = ArtJiang.Helix;
				PRODUCT_NAME = "$(TARGET_NAME)";
				SWIFT_EMIT_LOC_STRINGS = YES;
				SWIFT_VERSION = 5.0;
				TARGETED_DEVICE_FAMILY = "1,2";
			};
			name = Release;
		};
		DA26EAAB2D4F40C000B353E6 /* Debug */ = {
			isa = XCBuildConfiguration;
			buildSettings = {
				BUNDLE_LOADER = "$(TEST_HOST)";
				CODE_SIGN_STYLE = Automatic;
				CURRENT_PROJECT_VERSION = 1;
				DEVELOPMENT_TEAM = 4SA9UFLZMT;
				GENERATE_INFOPLIST_FILE = YES;
				IPHONEOS_DEPLOYMENT_TARGET = 18.2;
				MARKETING_VERSION = 1.0;
				PRODUCT_BUNDLE_IDENTIFIER = ArtJiang.HelixTests;
				PRODUCT_NAME = "$(TARGET_NAME)";
				SWIFT_EMIT_LOC_STRINGS = NO;
				SWIFT_VERSION = 5.0;
				TARGETED_DEVICE_FAMILY = "1,2";
				TEST_HOST = "$(BUILT_PRODUCTS_DIR)/Helix.app/$(BUNDLE_EXECUTABLE_FOLDER_PATH)/Helix";
			};
			name = Debug;
		};
		DA26EAAC2D4F40C000B353E6 /* Release */ = {
			isa = XCBuildConfiguration;
			buildSettings = {
				BUNDLE_LOADER = "$(TEST_HOST)";
				CODE_SIGN_STYLE = Automatic;
				CURRENT_PROJECT_VERSION = 1;
				DEVELOPMENT_TEAM = 4SA9UFLZMT;
				GENERATE_INFOPLIST_FILE = YES;
				IPHONEOS_DEPLOYMENT_TARGET = 18.2;
				MARKETING_VERSION = 1.0;
				PRODUCT_BUNDLE_IDENTIFIER = ArtJiang.HelixTests;
				PRODUCT_NAME = "$(TARGET_NAME)";
				SWIFT_EMIT_LOC_STRINGS = NO;
				SWIFT_VERSION = 5.0;
				TARGETED_DEVICE_FAMILY = "1,2";
				TEST_HOST = "$(BUILT_PRODUCTS_DIR)/Helix.app/$(BUNDLE_EXECUTABLE_FOLDER_PATH)/Helix";
			};
			name = Release;
		};
		DA26EAAE2D4F40C000B353E6 /* Debug */ = {
			isa = XCBuildConfiguration;
			buildSettings = {
				CODE_SIGN_STYLE = Automatic;
				CURRENT_PROJECT_VERSION = 1;
				DEVELOPMENT_TEAM = 4SA9UFLZMT;
				GENERATE_INFOPLIST_FILE = YES;
				MARKETING_VERSION = 1.0;
				PRODUCT_BUNDLE_IDENTIFIER = ArtJiang.HelixUITests;
				PRODUCT_NAME = "$(TARGET_NAME)";
				SWIFT_EMIT_LOC_STRINGS = NO;
				SWIFT_VERSION = 5.0;
				TARGETED_DEVICE_FAMILY = "1,2";
				TEST_TARGET_NAME = Helix;
			};
			name = Debug;
		};
		DA26EAAF2D4F40C000B353E6 /* Release */ = {
			isa = XCBuildConfiguration;
			buildSettings = {
				CODE_SIGN_STYLE = Automatic;
				CURRENT_PROJECT_VERSION = 1;
				DEVELOPMENT_TEAM = 4SA9UFLZMT;
				GENERATE_INFOPLIST_FILE = YES;
				MARKETING_VERSION = 1.0;
				PRODUCT_BUNDLE_IDENTIFIER = ArtJiang.HelixUITests;
				PRODUCT_NAME = "$(TARGET_NAME)";
				SWIFT_EMIT_LOC_STRINGS = NO;
				SWIFT_VERSION = 5.0;
				TARGETED_DEVICE_FAMILY = "1,2";
				TEST_TARGET_NAME = Helix;
			};
			name = Release;
		};
/* End XCBuildConfiguration section */

/* Begin XCConfigurationList section */
		DA26EA7E2D4F40BF00B353E6 /* Build configuration list for PBXProject "Helix" */ = {
			isa = XCConfigurationList;
			buildConfigurations = (
				DA26EAA52D4F40C000B353E6 /* Debug */,
				DA26EAA62D4F40C000B353E6 /* Release */,
			);
			defaultConfigurationIsVisible = 0;
			defaultConfigurationName = Release;
		};
		DA26EAA72D4F40C000B353E6 /* Build configuration list for PBXNativeTarget "Helix" */ = {
			isa = XCConfigurationList;
			buildConfigurations = (
				DA26EAA82D4F40C000B353E6 /* Debug */,
				DA26EAA92D4F40C000B353E6 /* Release */,
			);
			defaultConfigurationIsVisible = 0;
			defaultConfigurationName = Release;
		};
		DA26EAAA2D4F40C000B353E6 /* Build configuration list for PBXNativeTarget "HelixTests" */ = {
			isa = XCConfigurationList;
			buildConfigurations = (
				DA26EAAB2D4F40C000B353E6 /* Debug */,
				DA26EAAC2D4F40C000B353E6 /* Release */,
			);
			defaultConfigurationIsVisible = 0;
			defaultConfigurationName = Release;
		};
		DA26EAAD2D4F40C000B353E6 /* Build configuration list for PBXNativeTarget "HelixUITests" */ = {
			isa = XCConfigurationList;
			buildConfigurations = (
				DA26EAAE2D4F40C000B353E6 /* Debug */,
				DA26EAAF2D4F40C000B353E6 /* Release */,
			);
			defaultConfigurationIsVisible = 0;
			defaultConfigurationName = Release;
		};
/* End XCConfigurationList section */
	};
	rootObject = DA26EA7B2D4F40BF00B353E6 /* Project object */;
}
